<?xml version="1.0" encoding="utf-8"?>
<Project ToolsVersion="16.0" xmlns="http://schemas.microsoft.com/developer/msbuild/2003">
  <ItemGroup>
    <ClCompile Include="$(ProjectDir)\src\O2FS\IO\BeMusicReader.cpp">
      <Filter>Source Files</Filter>
    </ClCompile>
    <ClCompile Include="$(ProjectDir)\src\O2FS\IO\O2MusicWriter.cpp">
      <Filter>Source Files</Filter>
    </ClCompile>
    <ClCompile Include="$(ProjectDir)\src\O2FS\OTwo.cpp">
      <Filter>Source Files</Filter>
    </ClCompile>
    <ClCompile Include="$(ProjectDir)\src\O2FS\Systems\O2ImageSystem.cpp">
      <Filter>Source Files</Filter>
    </ClCompile>
    <ClCompile Include="$(ProjectDir)\src\O2FS\Systems\O2MusicSystem.cpp">
      <Filter>Source Files</Filter>
    </ClCompile>
    <ClCompile Include="$(ProjectDir)\src\O2FS\dllmain.cpp">
      <Filter>Source Files</Filter>
    </ClCompile>
  </ItemGroup>
  <ItemGroup>
    <ClInclude Include="$(ProjectDir)\include\Logger.hpp">
      <Filter>Header Files</Filter>
    </ClInclude>
    <ClInclude Include="$(ProjectDir)\include\O2FS\Charting\Channel.hpp">
      <Filter>Header Files</Filter>
    </ClInclude>
    <ClInclude Include="$(ProjectDir)\include\O2FS\Charting\Chart.hpp">
      <Filter>Header Files</Filter>
    </ClInclude>
    <ClInclude Include="$(ProjectDir)\include\O2FS\Charting\Difficulty.hpp">
      <Filter>Header Files</Filter>
    </ClInclude>
    <ClInclude Include="$(ProjectDir)\include\O2FS\Charting\Event.hpp">
      <Filter>Header Files</Filter>
    </ClInclude>
    <ClInclude Include="$(ProjectDir)\include\O2FS\Charting\Genre.hpp">
      <Filter>Header Files</Filter>
    </ClInclude>
    <ClInclude Include="$(ProjectDir)\include\O2FS\FileSystem.hpp">
      <Filter>Header Files</Filter>
    </ClInclude>
    <ClInclude Include="$(ProjectDir)\include\O2FS\IO\BeMusicReader.hpp">
      <Filter>Header Files</Filter>
    </ClInclude>
    <ClInclude Include="$(ProjectDir)\include\O2FS\IO\O2MusicWriter.hpp">
      <Filter>Header Files</Filter>
    </ClInclude>
    <ClInclude Include="$(ProjectDir)\include\O2FS\OTwo.hpp">
      <Filter>Header Files</Filter>
    </ClInclude>
    <ClInclude Include="$(ProjectDir)\include\O2FS\Systems\O2ImageSystem.hpp">
      <Filter>Header Files</Filter>
    </ClInclude>
    <ClInclude Include="$(ProjectDir)\include\O2FS\Systems\O2MusicSystem.hpp">
      <Filter>Header Files</Filter>
    </ClInclude>
  </ItemGroup>
  <ItemGroup>
    <CustomBuild Include="$(ProjectDir)\CMakeLists.txt" />
  </ItemGroup>
  <ItemGroup>
    <Filter Include="Header Files">
      <UniqueIdentifier>{80A44958-2975-32B8-A79D-93869DD66D68}</UniqueIdentifier>
    </Filter>
    <Filter Include="Source Files">
      <UniqueIdentifier>{73887DB7-1B69-3174-B37F-040EBDCA5326}</UniqueIdentifier>
    </Filter>
  </ItemGroup>
</Project>
